{
  "nodes": {
    "crane": {
      "locked": {
        "lastModified": 1762538466,
        "narHash": "sha256-8zrIPl6J+wLm9MH5ksHcW7BUHo7jSNOu0/hA0ohOOaM=",
        "owner": "ipetkov",
        "repo": "crane",
        "rev": "0cea393fffb39575c46b7a0318386467272182fe",
        "type": "github"
      },
      "original": {
        "owner": "ipetkov",
        "repo": "crane",
        "type": "github"
      }
    },
    "easy-purescript-nix": {
      "inputs": {
        "flake-utils": "flake-utils"
      },
      "locked": {
        "lastModified": 1763814099,
        "narHash": "sha256-YazeA9u0JdxykexV6HHG5DMtsnwqXoiAcWPjncO1XHM=",
        "owner": "justinwoo",
        "repo": "easy-purescript-nix",
        "rev": "8fcd84f54d75d9007b2f1c7c9da5af843105a55f",
        "type": "github"
      },
      "original": {
        "owner": "justinwoo",
        "repo": "easy-purescript-nix",
        "type": "github"
      }
    },
    "flake-compat": {
      "flake": false,
      "locked": {
        "lastModified": 1761588595,
        "narHash": "sha256-XKUZz9zewJNUj46b4AJdiRZJAvSZ0Dqj2BNfXvFlJC4=",
        "owner": "edolstra",
        "repo": "flake-compat",
        "rev": "f387cd2afec9419c8ee37694406ca490c3f34ee5",
        "type": "github"
      },
      "original": {
        "owner": "edolstra",
        "repo": "flake-compat",
        "type": "github"
      }
    },
    "flake-utils": {
      "inputs": {
        "systems": "systems"
      },
      "locked": {
        "lastModified": 1685518550,
        "narHash": "sha256-o2d0KcvaXzTrPRIo0kOLV0/QXHhDQ5DTi+OxcjO8xqY=",
        "owner": "numtide",
        "repo": "flake-utils",
        "rev": "a1720a10a6cfe8234c0e93907ffe81be440f4cef",
        "type": "github"
      },
      "original": {
        "owner": "numtide",
        "repo": "flake-utils",
        "type": "github"
      }
    },
    "flake-utils_2": {
      "inputs": {
        "systems": "systems_2"
      },
      "locked": {
        "lastModified": 1731533236,
        "narHash": "sha256-l0KFg5HjrsfsO/JpG+r7fRrqm12kzFHyUHqHCVpMMbI=",
        "owner": "numtide",
        "repo": "flake-utils",
        "rev": "11707dc2f618dd54ca8739b309ec4fc024de578b",
        "type": "github"
      },
      "original": {
        "owner": "numtide",
        "repo": "flake-utils",
        "type": "github"
      }
    },
    "flake-utils_3": {
      "inputs": {
        "systems": "systems_3"
      },
      "locked": {
        "lastModified": 1731533236,
        "narHash": "sha256-l0KFg5HjrsfsO/JpG+r7fRrqm12kzFHyUHqHCVpMMbI=",
        "owner": "numtide",
        "repo": "flake-utils",
        "rev": "11707dc2f618dd54ca8739b309ec4fc024de578b",
        "type": "github"
      },
      "original": {
        "owner": "numtide",
        "repo": "flake-utils",
        "type": "github"
      }
    },
    "flake-utils_4": {
      "inputs": {
        "systems": "systems_4"
      },
      "locked": {
        "lastModified": 1731533236,
        "narHash": "sha256-l0KFg5HjrsfsO/JpG+r7fRrqm12kzFHyUHqHCVpMMbI=",
        "owner": "numtide",
        "repo": "flake-utils",
        "rev": "11707dc2f618dd54ca8739b309ec4fc024de578b",
        "type": "github"
      },
      "original": {
        "owner": "numtide",
        "repo": "flake-utils",
        "type": "github"
      }
    },
    "flake-utils_5": {
      "inputs": {
        "systems": "systems_5"
      },
      "locked": {
        "lastModified": 1731533236,
        "narHash": "sha256-l0KFg5HjrsfsO/JpG+r7fRrqm12kzFHyUHqHCVpMMbI=",
        "owner": "numtide",
        "repo": "flake-utils",
        "rev": "11707dc2f618dd54ca8739b309ec4fc024de578b",
        "type": "github"
      },
      "original": {
        "owner": "numtide",
        "repo": "flake-utils",
        "type": "github"
      }
    },
    "gitignore": {
      "inputs": {
        "nixpkgs": [
          "pre-commit-hooks",
          "nixpkgs"
        ]
      },
      "locked": {
        "lastModified": 1709087332,
        "narHash": "sha256-HG2cCnktfHsKV0s4XW83gU3F57gaTljL9KNSuG6bnQs=",
        "owner": "hercules-ci",
        "repo": "gitignore.nix",
        "rev": "637db329424fd7e46cf4185293b9cc8c88c95394",
        "type": "github"
      },
      "original": {
        "owner": "hercules-ci",
        "repo": "gitignore.nix",
        "type": "github"
      }
    },
    "home-manager": {
      "inputs": {
        "nixpkgs": [
          "nixos"
        ]
      },
      "locked": {
        "lastModified": 1763992789,
        "narHash": "sha256-WHkdBlw6oyxXIra/vQPYLtqY+3G8dUVZM8bEXk0t8x4=",
        "owner": "nix-community",
        "repo": "home-manager",
        "rev": "44831a7eaba4360fb81f2acc5ea6de5fde90aaa3",
        "type": "github"
      },
      "original": {
        "owner": "nix-community",
        "ref": "release-25.05",
        "repo": "home-manager",
        "type": "github"
      }
    },
    "hyptyp": {
      "inputs": {
        "flake-utils": "flake-utils_4",
        "nixpkgs": [
          "vine",
          "nixpkgs"
        ]
      },
      "locked": {
        "lastModified": 1764533952,
        "narHash": "sha256-l1nShe6UlFW5UlrnQFfLBzIHGgyod5HDhAg6Pt1N0NI=",
        "owner": "TendrilsCompute",
        "repo": "hyptyp",
        "rev": "0fc7d93ac5f9a45efe024e9c3885e7a26d56faac",
        "type": "github"
      },
      "original": {
        "owner": "TendrilsCompute",
        "repo": "hyptyp",
        "type": "github"
      }
    },
    "nix-darwin": {
      "inputs": {
        "nixpkgs": [
          "nixpkgs"
        ]
      },
      "locked": {
        "lastModified": 1766524813,
        "narHash": "sha256-N/sxS27+t9nGvGWqwwAceSMW/Y5ddcypS/aiTnZ7ScA=",
        "owner": "LnL7",
        "repo": "nix-darwin",
        "rev": "c2b36207f2c396c79dbed9d40536db221bd4e363",
        "type": "github"
      },
      "original": {
        "owner": "LnL7",
        "repo": "nix-darwin",
        "type": "github"
      }
    },
    "nix-github-actions": {
      "inputs": {
        "nixpkgs": [
          "nixpkgs"
        ]
      },
      "locked": {
        "lastModified": 1737420293,
        "narHash": "sha256-F1G5ifvqTpJq7fdkT34e/Jy9VCyzd5XfJ9TO8fHhJWE=",
        "owner": "nix-community",
        "repo": "nix-github-actions",
        "rev": "f4158fa080ef4503c8f4c820967d946c2af31ec9",
        "type": "github"
      },
      "original": {
        "owner": "nix-community",
        "repo": "nix-github-actions",
        "type": "github"
      }
    },
    "nixos": {
      "locked": {
        "lastModified": 1766399428,
        "narHash": "sha256-vS6LSOMDOB3s+L6tqw9IGujxnmUAZQnEG+Vi640LayI=",
        "owner": "NixOs",
        "repo": "nixpkgs",
        "rev": "a6c3a6141ec1b367c58ead3f7f846c772a25f4e5",
        "type": "github"
      },
      "original": {
        "owner": "NixOs",
        "ref": "nixos-25.05",
        "repo": "nixpkgs",
        "type": "github"
      }
    },
    "nixpkgs": {
      "locked": {
        "lastModified": 1766563725,
        "narHash": "sha256-nEBAvGhQ6+eRbuZnub15sHNBmn1jDD0BKccx4ZPEMIA=",
        "owner": "NixOS",
        "repo": "nixpkgs",
        "rev": "c3f01ce6c7e830ad8ca98115ae907bda282308a3",
        "type": "github"
      },
      "original": {
        "owner": "NixOS",
        "ref": "master",
        "repo": "nixpkgs",
        "type": "github"
      }
    },
    "nixpkgs_2": {
      "locked": {
        "lastModified": 1750506804,
        "narHash": "sha256-VLFNc4egNjovYVxDGyBYTrvVCgDYgENp5bVi9fPTDYc=",
        "owner": "NixOS",
        "repo": "nixpkgs",
        "rev": "4206c4cb56751df534751b058295ea61357bbbaa",
        "type": "github"
      },
      "original": {
        "owner": "NixOS",
        "ref": "nixos-unstable",
        "repo": "nixpkgs",
        "type": "github"
      }
    },
    "pre-commit-hooks": {
      "inputs": {
        "flake-compat": "flake-compat",
        "gitignore": "gitignore",
        "nixpkgs": [
          "nixpkgs"
        ]
      },
      "locked": {
        "lastModified": 1765911976,
        "narHash": "sha256-t3T/xm8zstHRLx+pIHxVpQTiySbKqcQbK+r+01XVKc0=",
        "owner": "cachix",
        "repo": "git-hooks.nix",
        "rev": "b68b780b69702a090c8bb1b973bab13756cc7a27",
        "type": "github"
      },
      "original": {
        "owner": "cachix",
        "repo": "git-hooks.nix",
        "type": "github"
      }
    },
    "py-ivm": {
      "inputs": {
        "flake-utils": "flake-utils_2",
        "nixpkgs": "nixpkgs_2"
      },
      "locked": {
        "lastModified": 1752808896,
        "narHash": "sha256-LfRk9iZyjBHMN7S0dZzOEjYVQ7iLI1oBll2ZKPQJT8I=",
        "owner": "corps",
        "repo": "py-ivm",
        "rev": "f65978009ea458a201acb0bfa29b499d46fc07e7",
        "type": "github"
      },
      "original": {
        "owner": "corps",
        "repo": "py-ivm",
        "type": "github"
      }
    },
    "root": {
      "inputs": {
        "easy-purescript-nix": "easy-purescript-nix",
        "home-manager": "home-manager",
        "nix-darwin": "nix-darwin",
        "nix-github-actions": "nix-github-actions",
        "nixos": "nixos",
        "nixpkgs": "nixpkgs",
        "pre-commit-hooks": "pre-commit-hooks",
        "py-ivm": "py-ivm",
        "rust-overlay": "rust-overlay",
        "vine": "vine"
      }
    },
    "rust-overlay": {
      "inputs": {
        "nixpkgs": [
          "nixpkgs"
        ]
      },
      "locked": {
        "lastModified": 1766544144,
        "narHash": "sha256-5ppfEyZqX6FMluZHty7Dvw4xN10vLq1yQosp7dGG/28=",
        "owner": "oxalica",
        "repo": "rust-overlay",
        "rev": "5359a4fdc3fa9baa2edcf49758d404dfeeca7743",
        "type": "github"
      },
      "original": {
        "owner": "oxalica",
        "repo": "rust-overlay",
        "type": "github"
      }
    },
    "rust-overlay_2": {
      "inputs": {
        "nixpkgs": [
          "vine",
          "nixpkgs"
        ]
      },
      "locked": {
        "lastModified": 1763087910,
        "narHash": "sha256-eB9Z1mWd1U6N61+F8qwDggX0ihM55s4E0CluwNukJRU=",
        "owner": "oxalica",
        "repo": "rust-overlay",
        "rev": "cf4a68749733d45c0420726596367acd708eb2e8",
        "type": "github"
      },
      "original": {
        "owner": "oxalica",
        "repo": "rust-overlay",
        "type": "github"
      }
    },
    "systems": {
      "locked": {
        "lastModified": 1681028828,
        "narHash": "sha256-Vy1rq5AaRuLzOxct8nz4T6wlgyUR7zLU309k9mBC768=",
        "owner": "nix-systems",
        "repo": "default",
        "rev": "da67096a3b9bf56a91d16901293e51ba5b49a27e",
        "type": "github"
      },
      "original": {
        "owner": "nix-systems",
        "repo": "default",
        "type": "github"
      }
    },
    "systems_2": {
      "locked": {
        "lastModified": 1681028828,
        "narHash": "sha256-Vy1rq5AaRuLzOxct8nz4T6wlgyUR7zLU309k9mBC768=",
        "owner": "nix-systems",
        "repo": "default",
        "rev": "da67096a3b9bf56a91d16901293e51ba5b49a27e",
        "type": "github"
      },
      "original": {
        "owner": "nix-systems",
        "repo": "default",
        "type": "github"
      }
    },
    "systems_3": {
      "locked": {
        "lastModified": 1681028828,
        "narHash": "sha256-Vy1rq5AaRuLzOxct8nz4T6wlgyUR7zLU309k9mBC768=",
        "owner": "nix-systems",
        "repo": "default",
        "rev": "da67096a3b9bf56a91d16901293e51ba5b49a27e",
        "type": "github"
      },
      "original": {
        "owner": "nix-systems",
        "repo": "default",
        "type": "github"
      }
    },
    "systems_4": {
      "locked": {
        "lastModified": 1681028828,
        "narHash": "sha256-Vy1rq5AaRuLzOxct8nz4T6wlgyUR7zLU309k9mBC768=",
        "owner": "nix-systems",
        "repo": "default",
        "rev": "da67096a3b9bf56a91d16901293e51ba5b49a27e",
        "type": "github"
      },
      "original": {
        "owner": "nix-systems",
        "repo": "default",
        "type": "github"
      }
    },
    "systems_5": {
      "locked": {
        "lastModified": 1681028828,
        "narHash": "sha256-Vy1rq5AaRuLzOxct8nz4T6wlgyUR7zLU309k9mBC768=",
        "owner": "nix-systems",
        "repo": "default",
        "rev": "da67096a3b9bf56a91d16901293e51ba5b49a27e",
        "type": "github"
      },
      "original": {
        "owner": "nix-systems",
        "repo": "default",
        "type": "github"
      }
    },
    "typix": {
      "inputs": {
        "nixpkgs": [
          "vine",
          "nixpkgs"
        ]
      },
      "locked": {
        "lastModified": 1762505280,
        "narHash": "sha256-9/DYuuh14LCQDpWZceY2GF3UvUX2PCrH9eqryBULOqk=",
        "owner": "loqusion",
        "repo": "typix",
        "rev": "489712e2665e1991d17e574b2a69662011cb9113",
        "type": "github"
      },
      "original": {
        "owner": "loqusion",
        "repo": "typix",
        "type": "github"
      }
    },
    "typsitter": {
      "inputs": {
        "flake-utils": "flake-utils_5",
        "nixpkgs": [
          "vine",
          "nixpkgs"
        ]
      },
      "locked": {
        "lastModified": 1763237245,
        "narHash": "sha256-HogOmN5zRj0ujLoAMNcxgok0S8IUf676KuC3NZLg4BI=",
        "owner": "TendrilsCompute",
        "repo": "typsitter",
        "rev": "62fd183664dfb0b774bae764c849132c82b11c46",
        "type": "github"
      },
      "original": {
        "owner": "TendrilsCompute",
        "repo": "typsitter",
        "type": "github"
      }
    },
    "vine": {
      "inputs": {
        "crane": "crane",
        "flake-utils": "flake-utils_3",
        "hyptyp": "hyptyp",
        "nixpkgs": [
          "nixpkgs"
        ],
        "rust-overlay": "rust-overlay_2",
        "typix": "typix",
        "typsitter": "typsitter"
      },
      "locked": {
        "lastModified": 1766497200,
        "narHash": "sha256-eWZ9wskUIdgwhvJ74EOqJjbSBPlRKtiH5CfnW3aC8CM=",
        "owner": "VineLang",
        "repo": "vine",
        "rev": "b625b1e86915e39d77fefae11a15de96df7feb24",
        "type": "github"
      },
      "original": {
        "owner": "VineLang",
        "repo": "vine",
        "type": "github"
      }
    }
  },
  "root": "root",
  "version": 7
}
